// !$*UTF8*$!
{
	archiveVersion = 1;
	classes = {
	};
	objectVersion = 56;
	objects = {

/* Begin PBXBuildFile section */
		5A5E8F2B291EFDDD002F3395 /* Hack_ChangeAdvisoryApp.swift in Sources */ = {isa = PBXBuildFile; fileRef = 5A5E8F2A291EFDDD002F3395 /* Hack_ChangeAdvisoryApp.swift */; };
		5A5E8F2D291EFDDD002F3395 /* ContentView.swift in Sources */ = {isa = PBXBuildFile; fileRef = 5A5E8F2C291EFDDD002F3395 /* ContentView.swift */; };
		5A5E8F2F291EFDDE002F3395 /* Assets.xcassets in Resources */ = {isa = PBXBuildFile; fileRef = 5A5E8F2E291EFDDE002F3395 /* Assets.xcassets */; };
		5A5E8F32291EFDDE002F3395 /* Preview Assets.xcassets in Resources */ = {isa = PBXBuildFile; fileRef = 5A5E8F31291EFDDE002F3395 /* Preview Assets.xcassets */; };
		5A5E8F42291F0136002F3395 /* NetworkControllerProtocol.swift in Sources */ = {isa = PBXBuildFile; fileRef = 5A5E8F41291F0136002F3395 /* NetworkControllerProtocol.swift */; };
		5A5E8F44291F019A002F3395 /* NetworkController.swift in Sources */ = {isa = PBXBuildFile; fileRef = 5A5E8F43291F019A002F3395 /* NetworkController.swift */; };
		5A5E8F47291F062B002F3395 /* UserServices.swift in Sources */ = {isa = PBXBuildFile; fileRef = 5A5E8F46291F062B002F3395 /* UserServices.swift */; };
		5A5E8F49291F09D4002F3395 /* Endpoint.swift in Sources */ = {isa = PBXBuildFile; fileRef = 5A5E8F48291F09D4002F3395 /* Endpoint.swift */; };
		5A5E8F4C291F0F89002F3395 /* LoginViewModel.swift in Sources */ = {isa = PBXBuildFile; fileRef = 5A5E8F4B291F0F89002F3395 /* LoginViewModel.swift */; };
		5A5E8F4F291F116F002F3395 /* String.swift in Sources */ = {isa = PBXBuildFile; fileRef = 5A5E8F4E291F116F002F3395 /* String.swift */; };
		5A5E8F52291F11FD002F3395 /* LoginView.swift in Sources */ = {isa = PBXBuildFile; fileRef = 5A5E8F51291F11FD002F3395 /* LoginView.swift */; };
		5A5E8F55291F1944002F3395 /* PrimaryTextField.swift in Sources */ = {isa = PBXBuildFile; fileRef = 5A5E8F54291F1944002F3395 /* PrimaryTextField.swift */; };
		5A5E8F57291F19FF002F3395 /* Color.swift in Sources */ = {isa = PBXBuildFile; fileRef = 5A5E8F56291F19FF002F3395 /* Color.swift */; };
		5A5E8F59291F1AD4002F3395 /* PrimaryButtonView.swift in Sources */ = {isa = PBXBuildFile; fileRef = 5A5E8F58291F1AD4002F3395 /* PrimaryButtonView.swift */; };
		5A5E8F5B291F1B1F002F3395 /* View.swift in Sources */ = {isa = PBXBuildFile; fileRef = 5A5E8F5A291F1B1F002F3395 /* View.swift */; };
		5A5E8F5D291F1E10002F3395 /* UserManager.swift in Sources */ = {isa = PBXBuildFile; fileRef = 5A5E8F5C291F1E10002F3395 /* UserManager.swift */; };
		5A5E8F61291F1FB3002F3395 /* HomeView.swift in Sources */ = {isa = PBXBuildFile; fileRef = 5A5E8F60291F1FB3002F3395 /* HomeView.swift */; };
		5A5E8F64291F216A002F3395 /* User.swift in Sources */ = {isa = PBXBuildFile; fileRef = 5A5E8F63291F216A002F3395 /* User.swift */; };
		5A5E8F66291F2383002F3395 /* HomeViewModel.swift in Sources */ = {isa = PBXBuildFile; fileRef = 5A5E8F65291F2383002F3395 /* HomeViewModel.swift */; };
		5A5E8F69291F2BC5002F3395 /* MainView.swift in Sources */ = {isa = PBXBuildFile; fileRef = 5A5E8F68291F2BC5002F3395 /* MainView.swift */; };
		5A5E8F6E291F2C1A002F3395 /* ChatView.swift in Sources */ = {isa = PBXBuildFile; fileRef = 5A5E8F6D291F2C1A002F3395 /* ChatView.swift */; };
		5A5E8F72291FADE4002F3395 /* ReversedSrollView.swift in Sources */ = {isa = PBXBuildFile; fileRef = 5A5E8F71291FADE4002F3395 /* ReversedSrollView.swift */; };
		5A5E8F75291FAE76002F3395 /* ChatViewModel.swift in Sources */ = {isa = PBXBuildFile; fileRef = 5A5E8F74291FAE76002F3395 /* ChatViewModel.swift */; };
		5A5E8F77291FB117002F3395 /* MessageView.swift in Sources */ = {isa = PBXBuildFile; fileRef = 5A5E8F76291FB117002F3395 /* MessageView.swift */; };
		5A5E8F79291FB1FD002F3395 /* Message.swift in Sources */ = {isa = PBXBuildFile; fileRef = 5A5E8F78291FB1FD002F3395 /* Message.swift */; };
		5A5E8F7C291FB668002F3395 /* Mocks.swift in Sources */ = {isa = PBXBuildFile; fileRef = 5A5E8F7B291FB668002F3395 /* Mocks.swift */; };
		5A5E8F7F291FC2EF002F3395 /* ChatService.swift in Sources */ = {isa = PBXBuildFile; fileRef = 5A5E8F7E291FC2EF002F3395 /* ChatService.swift */; };
		5A5E8F81291FC381002F3395 /* WebSocketStream.swift in Sources */ = {isa = PBXBuildFile; fileRef = 5A5E8F80291FC380002F3395 /* WebSocketStream.swift */; };
		5A6F38D129203D8F00569A3B /* NukeUI in Frameworks */ = {isa = PBXBuildFile; productRef = 5A6F38D029203D8F00569A3B /* NukeUI */; };
		5A6F38D429203E6800569A3B /* FirebaseFirestoreSwift in Frameworks */ = {isa = PBXBuildFile; productRef = 5A6F38D329203E6800569A3B /* FirebaseFirestoreSwift */; };
		5A6F38D629203E6800569A3B /* FirebaseStorage in Frameworks */ = {isa = PBXBuildFile; productRef = 5A6F38D529203E6800569A3B /* FirebaseStorage */; };
		5A6F38D929203EFF00569A3B /* ImageUploader.swift in Sources */ = {isa = PBXBuildFile; fileRef = 5A6F38D829203EFF00569A3B /* ImageUploader.swift */; };
		5A6F38DB29203F9A00569A3B /* GoogleService-Info.plist in Resources */ = {isa = PBXBuildFile; fileRef = 5A6F38DA29203F9A00569A3B /* GoogleService-Info.plist */; };
/* End PBXBuildFile section */

/* Begin PBXFileReference section */
		5A5E8F27291EFDDD002F3395 /* Hack&ChangeAdvisory.app */ = {isa = PBXFileReference; explicitFileType = wrapper.application; includeInIndex = 0; path = "Hack&ChangeAdvisory.app"; sourceTree = BUILT_PRODUCTS_DIR; };
		5A5E8F2A291EFDDD002F3395 /* Hack_ChangeAdvisoryApp.swift */ = {isa = PBXFileReference; lastKnownFileType = sourcecode.swift; path = Hack_ChangeAdvisoryApp.swift; sourceTree = "<group>"; };
		5A5E8F2C291EFDDD002F3395 /* ContentView.swift */ = {isa = PBXFileReference; lastKnownFileType = sourcecode.swift; path = ContentView.swift; sourceTree = "<group>"; };
		5A5E8F2E291EFDDE002F3395 /* Assets.xcassets */ = {isa = PBXFileReference; lastKnownFileType = folder.assetcatalog; path = Assets.xcassets; sourceTree = "<group>"; };
		5A5E8F31291EFDDE002F3395 /* Preview Assets.xcassets */ = {isa = PBXFileReference; lastKnownFileType = folder.assetcatalog; path = "Preview Assets.xcassets"; sourceTree = "<group>"; };
		5A5E8F41291F0136002F3395 /* NetworkControllerProtocol.swift */ = {isa = PBXFileReference; lastKnownFileType = sourcecode.swift; path = NetworkControllerProtocol.swift; sourceTree = "<group>"; };
		5A5E8F43291F019A002F3395 /* NetworkController.swift */ = {isa = PBXFileReference; lastKnownFileType = sourcecode.swift; path = NetworkController.swift; sourceTree = "<group>"; };
		5A5E8F46291F062B002F3395 /* UserServices.swift */ = {isa = PBXFileReference; lastKnownFileType = sourcecode.swift; path = UserServices.swift; sourceTree = "<group>"; };
		5A5E8F48291F09D4002F3395 /* Endpoint.swift */ = {isa = PBXFileReference; lastKnownFileType = sourcecode.swift; path = Endpoint.swift; sourceTree = "<group>"; };
		5A5E8F4B291F0F89002F3395 /* LoginViewModel.swift */ = {isa = PBXFileReference; lastKnownFileType = sourcecode.swift; path = LoginViewModel.swift; sourceTree = "<group>"; };
		5A5E8F4E291F116F002F3395 /* String.swift */ = {isa = PBXFileReference; lastKnownFileType = sourcecode.swift; path = String.swift; sourceTree = "<group>"; };
		5A5E8F51291F11FD002F3395 /* LoginView.swift */ = {isa = PBXFileReference; lastKnownFileType = sourcecode.swift; path = LoginView.swift; sourceTree = "<group>"; };
		5A5E8F54291F1944002F3395 /* PrimaryTextField.swift */ = {isa = PBXFileReference; lastKnownFileType = sourcecode.swift; path = PrimaryTextField.swift; sourceTree = "<group>"; };
		5A5E8F56291F19FF002F3395 /* Color.swift */ = {isa = PBXFileReference; lastKnownFileType = sourcecode.swift; path = Color.swift; sourceTree = "<group>"; };
		5A5E8F58291F1AD4002F3395 /* PrimaryButtonView.swift */ = {isa = PBXFileReference; lastKnownFileType = sourcecode.swift; path = PrimaryButtonView.swift; sourceTree = "<group>"; };
		5A5E8F5A291F1B1F002F3395 /* View.swift */ = {isa = PBXFileReference; lastKnownFileType = sourcecode.swift; path = View.swift; sourceTree = "<group>"; };
		5A5E8F5C291F1E10002F3395 /* UserManager.swift */ = {isa = PBXFileReference; lastKnownFileType = sourcecode.swift; path = UserManager.swift; sourceTree = "<group>"; };
		5A5E8F60291F1FB3002F3395 /* HomeView.swift */ = {isa = PBXFileReference; lastKnownFileType = sourcecode.swift; path = HomeView.swift; sourceTree = "<group>"; };
		5A5E8F63291F216A002F3395 /* User.swift */ = {isa = PBXFileReference; lastKnownFileType = sourcecode.swift; path = User.swift; sourceTree = "<group>"; };
		5A5E8F65291F2383002F3395 /* HomeViewModel.swift */ = {isa = PBXFileReference; lastKnownFileType = sourcecode.swift; path = HomeViewModel.swift; sourceTree = "<group>"; };
		5A5E8F68291F2BC5002F3395 /* MainView.swift */ = {isa = PBXFileReference; lastKnownFileType = sourcecode.swift; path = MainView.swift; sourceTree = "<group>"; };
		5A5E8F6D291F2C1A002F3395 /* ChatView.swift */ = {isa = PBXFileReference; lastKnownFileType = sourcecode.swift; path = ChatView.swift; sourceTree = "<group>"; };
		5A5E8F71291FADE4002F3395 /* ReversedSrollView.swift */ = {isa = PBXFileReference; lastKnownFileType = sourcecode.swift; path = ReversedSrollView.swift; sourceTree = "<group>"; };
		5A5E8F74291FAE76002F3395 /* ChatViewModel.swift */ = {isa = PBXFileReference; lastKnownFileType = sourcecode.swift; path = ChatViewModel.swift; sourceTree = "<group>"; };
		5A5E8F76291FB117002F3395 /* MessageView.swift */ = {isa = PBXFileReference; lastKnownFileType = sourcecode.swift; path = MessageView.swift; sourceTree = "<group>"; };
		5A5E8F78291FB1FD002F3395 /* Message.swift */ = {isa = PBXFileReference; lastKnownFileType = sourcecode.swift; path = Message.swift; sourceTree = "<group>"; };
		5A5E8F7B291FB668002F3395 /* Mocks.swift */ = {isa = PBXFileReference; lastKnownFileType = sourcecode.swift; path = Mocks.swift; sourceTree = "<group>"; };
		5A5E8F7E291FC2EF002F3395 /* ChatService.swift */ = {isa = PBXFileReference; lastKnownFileType = sourcecode.swift; path = ChatService.swift; sourceTree = "<group>"; };
		5A5E8F80291FC380002F3395 /* WebSocketStream.swift */ = {isa = PBXFileReference; lastKnownFileType = sourcecode.swift; path = WebSocketStream.swift; sourceTree = "<group>"; };
		5A6F38D829203EFF00569A3B /* ImageUploader.swift */ = {isa = PBXFileReference; lastKnownFileType = sourcecode.swift; path = ImageUploader.swift; sourceTree = "<group>"; };
		5A6F38DA29203F9A00569A3B /* GoogleService-Info.plist */ = {isa = PBXFileReference; fileEncoding = 4; lastKnownFileType = text.plist.xml; path = "GoogleService-Info.plist"; sourceTree = "<group>"; };
		5A6F38DC29203FB300569A3B /* Hack-ChangeAdvisory-Info.plist */ = {isa = PBXFileReference; lastKnownFileType = text.plist; path = "Hack-ChangeAdvisory-Info.plist"; sourceTree = SOURCE_ROOT; };
/* End PBXFileReference section */

/* Begin PBXFrameworksBuildPhase section */
		5A5E8F24291EFDDD002F3395 /* Frameworks */ = {
			isa = PBXFrameworksBuildPhase;
			buildActionMask = 2147483647;
			files = (
				5A6F38D129203D8F00569A3B /* NukeUI in Frameworks */,
				5A6F38D429203E6800569A3B /* FirebaseFirestoreSwift in Frameworks */,
				5A6F38D629203E6800569A3B /* FirebaseStorage in Frameworks */,
			);
			runOnlyForDeploymentPostprocessing = 0;
		};
/* End PBXFrameworksBuildPhase section */

/* Begin PBXGroup section */
		5A5E8F1E291EFDDD002F3395 = {
			isa = PBXGroup;
			children = (
				5A5E8F29291EFDDD002F3395 /* Hack&ChangeAdvisory */,
				5A5E8F28291EFDDD002F3395 /* Products */,
			);
			sourceTree = "<group>";
		};
		5A5E8F28291EFDDD002F3395 /* Products */ = {
			isa = PBXGroup;
			children = (
				5A5E8F27291EFDDD002F3395 /* Hack&ChangeAdvisory.app */,
			);
			name = Products;
			sourceTree = "<group>";
		};
		5A5E8F29291EFDDD002F3395 /* Hack&ChangeAdvisory */ = {
			isa = PBXGroup;
			children = (
				5A6F38DC29203FB300569A3B /* Hack-ChangeAdvisory-Info.plist */,
				5A6F38DA29203F9A00569A3B /* GoogleService-Info.plist */,
				5A5E8F62291F2137002F3395 /* Models */,
				5A5E8F3B291EFEF9002F3395 /* App */,
				5A5E8F3E291EFF09002F3395 /* Service */,
				5A5E8F3D291EFF04002F3395 /* Utils */,
				5A5E8F3C291EFF00002F3395 /* Core */,
				5A5E8F2E291EFDDE002F3395 /* Assets.xcassets */,
				5A5E8F30291EFDDE002F3395 /* Preview Content */,
			);
			path = "Hack&ChangeAdvisory";
			sourceTree = "<group>";
		};
		5A5E8F30291EFDDE002F3395 /* Preview Content */ = {
			isa = PBXGroup;
			children = (
				5A5E8F7A291FB65E002F3395 /* Moks */,
				5A5E8F31291EFDDE002F3395 /* Preview Assets.xcassets */,
			);
			path = "Preview Content";
			sourceTree = "<group>";
		};
		5A5E8F3B291EFEF9002F3395 /* App */ = {
			isa = PBXGroup;
			children = (
				5A5E8F2C291EFDDD002F3395 /* ContentView.swift */,
				5A5E8F2A291EFDDD002F3395 /* Hack_ChangeAdvisoryApp.swift */,
			);
			path = App;
			sourceTree = "<group>";
		};
		5A5E8F3C291EFF00002F3395 /* Core */ = {
			isa = PBXGroup;
			children = (
				5A5E8F6A291F2C08002F3395 /* ChatView */,
				5A5E8F67291F2BB1002F3395 /* MainContainer */,
				5A5E8F5E291F1FA3002F3395 /* Home */,
				5A5E8F53291F1919002F3395 /* ViewComponents */,
				5A5E8F50291F11E3002F3395 /* Login */,
			);
			path = Core;
			sourceTree = "<group>";
		};
		5A5E8F3D291EFF04002F3395 /* Utils */ = {
			isa = PBXGroup;
			children = (
				5A6F38D829203EFF00569A3B /* ImageUploader.swift */,
				5A5E8F4D291F1160002F3395 /* Extensions */,
			);
			path = Utils;
			sourceTree = "<group>";
		};
		5A5E8F3E291EFF09002F3395 /* Service */ = {
			isa = PBXGroup;
			children = (
				5A5E8F7D291FC2E3002F3395 /* Chat */,
				5A5E8F45291F0621002F3395 /* User */,
				5A5E8F40291F007C002F3395 /* Network */,
			);
			path = Service;
			sourceTree = "<group>";
		};
		5A5E8F40291F007C002F3395 /* Network */ = {
			isa = PBXGroup;
			children = (
				5A5E8F41291F0136002F3395 /* NetworkControllerProtocol.swift */,
				5A5E8F43291F019A002F3395 /* NetworkController.swift */,
				5A5E8F48291F09D4002F3395 /* Endpoint.swift */,
				5A5E8F80291FC380002F3395 /* WebSocketStream.swift */,
			);
			path = Network;
			sourceTree = "<group>";
		};
		5A5E8F45291F0621002F3395 /* User */ = {
			isa = PBXGroup;
			children = (
				5A5E8F46291F062B002F3395 /* UserServices.swift */,
				5A5E8F5C291F1E10002F3395 /* UserManager.swift */,
			);
			path = User;
			sourceTree = "<group>";
		};
		5A5E8F4A291F0F7B002F3395 /* ViewModel */ = {
			isa = PBXGroup;
			children = (
				5A5E8F4B291F0F89002F3395 /* LoginViewModel.swift */,
			);
			path = ViewModel;
			sourceTree = "<group>";
		};
		5A5E8F4D291F1160002F3395 /* Extensions */ = {
			isa = PBXGroup;
			children = (
				5A5E8F4E291F116F002F3395 /* String.swift */,
				5A5E8F56291F19FF002F3395 /* Color.swift */,
				5A5E8F5A291F1B1F002F3395 /* View.swift */,
			);
			path = Extensions;
			sourceTree = "<group>";
		};
		5A5E8F50291F11E3002F3395 /* Login */ = {
			isa = PBXGroup;
			children = (
				5A5E8F4A291F0F7B002F3395 /* ViewModel */,
				5A5E8F51291F11FD002F3395 /* LoginView.swift */,
			);
			path = Login;
			sourceTree = "<group>";
		};
		5A5E8F53291F1919002F3395 /* ViewComponents */ = {
			isa = PBXGroup;
			children = (
				5A5E8F54291F1944002F3395 /* PrimaryTextField.swift */,
				5A5E8F58291F1AD4002F3395 /* PrimaryButtonView.swift */,
			);
			path = ViewComponents;
			sourceTree = "<group>";
		};
		5A5E8F5E291F1FA3002F3395 /* Home */ = {
			isa = PBXGroup;
			children = (
				5A5E8F5F291F1FA8002F3395 /* ViewModel */,
				5A5E8F60291F1FB3002F3395 /* HomeView.swift */,
			);
			path = Home;
			sourceTree = "<group>";
		};
		5A5E8F5F291F1FA8002F3395 /* ViewModel */ = {
			isa = PBXGroup;
			children = (
				5A5E8F65291F2383002F3395 /* HomeViewModel.swift */,
			);
			path = ViewModel;
			sourceTree = "<group>";
		};
		5A5E8F62291F2137002F3395 /* Models */ = {
			isa = PBXGroup;
			children = (
				5A5E8F63291F216A002F3395 /* User.swift */,
				5A5E8F78291FB1FD002F3395 /* Message.swift */,
			);
			path = Models;
			sourceTree = "<group>";
		};
		5A5E8F67291F2BB1002F3395 /* MainContainer */ = {
			isa = PBXGroup;
			children = (
				5A5E8F68291F2BC5002F3395 /* MainView.swift */,
			);
			path = MainContainer;
			sourceTree = "<group>";
		};
		5A5E8F6A291F2C08002F3395 /* ChatView */ = {
			isa = PBXGroup;
			children = (
				5A5E8F6C291F2C12002F3395 /* View */,
				5A5E8F6B291F2C0D002F3395 /* ViewModel */,
			);
			path = ChatView;
			sourceTree = "<group>";
		};
		5A5E8F6B291F2C0D002F3395 /* ViewModel */ = {
			isa = PBXGroup;
			children = (
				5A5E8F74291FAE76002F3395 /* ChatViewModel.swift */,
			);
			path = ViewModel;
			sourceTree = "<group>";
		};
		5A5E8F6C291F2C12002F3395 /* View */ = {
			isa = PBXGroup;
			children = (
				5A5E8F70291FADCD002F3395 /* SubView */,
				5A5E8F6D291F2C1A002F3395 /* ChatView.swift */,
			);
			path = View;
			sourceTree = "<group>";
		};
		5A5E8F70291FADCD002F3395 /* SubView */ = {
			isa = PBXGroup;
			children = (
				5A5E8F71291FADE4002F3395 /* ReversedSrollView.swift */,
				5A5E8F76291FB117002F3395 /* MessageView.swift */,
			);
			path = SubView;
			sourceTree = "<group>";
		};
		5A5E8F7A291FB65E002F3395 /* Moks */ = {
			isa = PBXGroup;
			children = (
				5A5E8F7B291FB668002F3395 /* Mocks.swift */,
			);
			path = Moks;
			sourceTree = "<group>";
		};
		5A5E8F7D291FC2E3002F3395 /* Chat */ = {
			isa = PBXGroup;
			children = (
				5A5E8F7E291FC2EF002F3395 /* ChatService.swift */,
			);
			path = Chat;
			sourceTree = "<group>";
		};
/* End PBXGroup section */

/* Begin PBXNativeTarget section */
		5A5E8F26291EFDDD002F3395 /* Hack&ChangeAdvisory */ = {
			isa = PBXNativeTarget;
			buildConfigurationList = 5A5E8F35291EFDDE002F3395 /* Build configuration list for PBXNativeTarget "Hack&ChangeAdvisory" */;
			buildPhases = (
				5A5E8F23291EFDDD002F3395 /* Sources */,
				5A5E8F24291EFDDD002F3395 /* Frameworks */,
				5A5E8F25291EFDDD002F3395 /* Resources */,
			);
			buildRules = (
			);
			dependencies = (
			);
			name = "Hack&ChangeAdvisory";
			packageProductDependencies = (
				5A6F38D029203D8F00569A3B /* NukeUI */,
				5A6F38D329203E6800569A3B /* FirebaseFirestoreSwift */,
				5A6F38D529203E6800569A3B /* FirebaseStorage */,
			);
			productName = "Hack&ChangeAdvisory";
			productReference = 5A5E8F27291EFDDD002F3395 /* Hack&ChangeAdvisory.app */;
			productType = "com.apple.product-type.application";
		};
/* End PBXNativeTarget section */

/* Begin PBXProject section */
		5A5E8F1F291EFDDD002F3395 /* Project object */ = {
			isa = PBXProject;
			attributes = {
				BuildIndependentTargetsInParallel = 1;
				LastSwiftUpdateCheck = 1400;
				LastUpgradeCheck = 1400;
				TargetAttributes = {
					5A5E8F26291EFDDD002F3395 = {
						CreatedOnToolsVersion = 14.0.1;
					};
				};
			};
			buildConfigurationList = 5A5E8F22291EFDDD002F3395 /* Build configuration list for PBXProject "Hack&ChangeAdvisory" */;
			compatibilityVersion = "Xcode 14.0";
			developmentRegion = en;
			hasScannedForEncodings = 0;
			knownRegions = (
				en,
				Base,
			);
			mainGroup = 5A5E8F1E291EFDDD002F3395;
			packageReferences = (
				5A6F38CF29203D8F00569A3B /* XCRemoteSwiftPackageReference "NukeUI" */,
				5A6F38D229203E6800569A3B /* XCRemoteSwiftPackageReference "firebase-ios-sdk" */,
			);
			productRefGroup = 5A5E8F28291EFDDD002F3395 /* Products */;
			projectDirPath = "";
			projectRoot = "";
			targets = (
				5A5E8F26291EFDDD002F3395 /* Hack&ChangeAdvisory */,
			);
		};
/* End PBXProject section */

/* Begin PBXResourcesBuildPhase section */
		5A5E8F25291EFDDD002F3395 /* Resources */ = {
			isa = PBXResourcesBuildPhase;
			buildActionMask = 2147483647;
			files = (
				5A5E8F32291EFDDE002F3395 /* Preview Assets.xcassets in Resources */,
				5A5E8F2F291EFDDE002F3395 /* Assets.xcassets in Resources */,
				5A6F38DB29203F9A00569A3B /* GoogleService-Info.plist in Resources */,
			);
			runOnlyForDeploymentPostprocessing = 0;
		};
/* End PBXResourcesBuildPhase section */

/* Begin PBXSourcesBuildPhase section */
		5A5E8F23291EFDDD002F3395 /* Sources */ = {
			isa = PBXSourcesBuildPhase;
			buildActionMask = 2147483647;
			files = (
				5A5E8F6E291F2C1A002F3395 /* ChatView.swift in Sources */,
				5A5E8F75291FAE76002F3395 /* ChatViewModel.swift in Sources */,
				5A5E8F66291F2383002F3395 /* HomeViewModel.swift in Sources */,
				5A5E8F69291F2BC5002F3395 /* MainView.swift in Sources */,
				5A5E8F5B291F1B1F002F3395 /* View.swift in Sources */,
				5A5E8F55291F1944002F3395 /* PrimaryTextField.swift in Sources */,
				5A5E8F77291FB117002F3395 /* MessageView.swift in Sources */,
				5A5E8F7C291FB668002F3395 /* Mocks.swift in Sources */,
				5A5E8F7F291FC2EF002F3395 /* ChatService.swift in Sources */,
				5A5E8F5D291F1E10002F3395 /* UserManager.swift in Sources */,
				5A5E8F61291F1FB3002F3395 /* HomeView.swift in Sources */,
				5A5E8F64291F216A002F3395 /* User.swift in Sources */,
				5A5E8F57291F19FF002F3395 /* Color.swift in Sources */,
				5A5E8F44291F019A002F3395 /* NetworkController.swift in Sources */,
				5A5E8F2D291EFDDD002F3395 /* ContentView.swift in Sources */,
				5A5E8F47291F062B002F3395 /* UserServices.swift in Sources */,
				5A5E8F59291F1AD4002F3395 /* PrimaryButtonView.swift in Sources */,
				5A5E8F81291FC381002F3395 /* WebSocketStream.swift in Sources */,
				5A5E8F72291FADE4002F3395 /* ReversedSrollView.swift in Sources */,
				5A5E8F52291F11FD002F3395 /* LoginView.swift in Sources */,
				5A5E8F79291FB1FD002F3395 /* Message.swift in Sources */,
				5A5E8F42291F0136002F3395 /* NetworkControllerProtocol.swift in Sources */,
				5A5E8F49291F09D4002F3395 /* Endpoint.swift in Sources */,
				5A6F38D929203EFF00569A3B /* ImageUploader.swift in Sources */,
				5A5E8F4C291F0F89002F3395 /* LoginViewModel.swift in Sources */,
				5A5E8F4F291F116F002F3395 /* String.swift in Sources */,
				5A5E8F2B291EFDDD002F3395 /* Hack_ChangeAdvisoryApp.swift in Sources */,
			);
			runOnlyForDeploymentPostprocessing = 0;
		};
/* End PBXSourcesBuildPhase section */

/* Begin XCBuildConfiguration section */
		5A5E8F33291EFDDE002F3395 /* Debug */ = {
			isa = XCBuildConfiguration;
			buildSettings = {
				ALWAYS_SEARCH_USER_PATHS = NO;
				CLANG_ANALYZER_NONNULL = YES;
				CLANG_ANALYZER_NUMBER_OBJECT_CONVERSION = YES_AGGRESSIVE;
				CLANG_CXX_LANGUAGE_STANDARD = "gnu++20";
				CLANG_ENABLE_MODULES = YES;
				CLANG_ENABLE_OBJC_ARC = YES;
				CLANG_ENABLE_OBJC_WEAK = YES;
				CLANG_WARN_BLOCK_CAPTURE_AUTORELEASING = YES;
				CLANG_WARN_BOOL_CONVERSION = YES;
				CLANG_WARN_COMMA = YES;
				CLANG_WARN_CONSTANT_CONVERSION = YES;
				CLANG_WARN_DEPRECATED_OBJC_IMPLEMENTATIONS = YES;
				CLANG_WARN_DIRECT_OBJC_ISA_USAGE = YES_ERROR;
				CLANG_WARN_DOCUMENTATION_COMMENTS = YES;
				CLANG_WARN_EMPTY_BODY = YES;
				CLANG_WARN_ENUM_CONVERSION = YES;
				CLANG_WARN_INFINITE_RECURSION = YES;
				CLANG_WARN_INT_CONVERSION = YES;
				CLANG_WARN_NON_LITERAL_NULL_CONVERSION = YES;
				CLANG_WARN_OBJC_IMPLICIT_RETAIN_SELF = YES;
				CLANG_WARN_OBJC_LITERAL_CONVERSION = YES;
				CLANG_WARN_OBJC_ROOT_CLASS = YES_ERROR;
				CLANG_WARN_QUOTED_INCLUDE_IN_FRAMEWORK_HEADER = YES;
				CLANG_WARN_RANGE_LOOP_ANALYSIS = YES;
				CLANG_WARN_STRICT_PROTOTYPES = YES;
				CLANG_WARN_SUSPICIOUS_MOVE = YES;
				CLANG_WARN_UNGUARDED_AVAILABILITY = YES_AGGRESSIVE;
				CLANG_WARN_UNREACHABLE_CODE = YES;
				CLANG_WARN__DUPLICATE_METHOD_MATCH = YES;
				COPY_PHASE_STRIP = NO;
				DEBUG_INFORMATION_FORMAT = dwarf;
				ENABLE_STRICT_OBJC_MSGSEND = YES;
				ENABLE_TESTABILITY = YES;
				GCC_C_LANGUAGE_STANDARD = gnu11;
				GCC_DYNAMIC_NO_PIC = NO;
				GCC_NO_COMMON_BLOCKS = YES;
				GCC_OPTIMIZATION_LEVEL = 0;
				GCC_PREPROCESSOR_DEFINITIONS = (
					"DEBUG=1",
					"$(inherited)",
				);
				GCC_WARN_64_TO_32_BIT_CONVERSION = YES;
				GCC_WARN_ABOUT_RETURN_TYPE = YES_ERROR;
				GCC_WARN_UNDECLARED_SELECTOR = YES;
				GCC_WARN_UNINITIALIZED_AUTOS = YES_AGGRESSIVE;
				GCC_WARN_UNUSED_FUNCTION = YES;
				GCC_WARN_UNUSED_VARIABLE = YES;
				IPHONEOS_DEPLOYMENT_TARGET = 16.0;
				MTL_ENABLE_DEBUG_INFO = INCLUDE_SOURCE;
				MTL_FAST_MATH = YES;
				ONLY_ACTIVE_ARCH = YES;
				SDKROOT = iphoneos;
				SWIFT_ACTIVE_COMPILATION_CONDITIONS = DEBUG;
				SWIFT_OPTIMIZATION_LEVEL = "-Onone";
			};
			name = Debug;
		};
		5A5E8F34291EFDDE002F3395 /* Release */ = {
			isa = XCBuildConfiguration;
			buildSettings = {
				ALWAYS_SEARCH_USER_PATHS = NO;
				CLANG_ANALYZER_NONNULL = YES;
				CLANG_ANALYZER_NUMBER_OBJECT_CONVERSION = YES_AGGRESSIVE;
				CLANG_CXX_LANGUAGE_STANDARD = "gnu++20";
				CLANG_ENABLE_MODULES = YES;
				CLANG_ENABLE_OBJC_ARC = YES;
				CLANG_ENABLE_OBJC_WEAK = YES;
				CLANG_WARN_BLOCK_CAPTURE_AUTORELEASING = YES;
				CLANG_WARN_BOOL_CONVERSION = YES;
				CLANG_WARN_COMMA = YES;
				CLANG_WARN_CONSTANT_CONVERSION = YES;
				CLANG_WARN_DEPRECATED_OBJC_IMPLEMENTATIONS = YES;
				CLANG_WARN_DIRECT_OBJC_ISA_USAGE = YES_ERROR;
				CLANG_WARN_DOCUMENTATION_COMMENTS = YES;
				CLANG_WARN_EMPTY_BODY = YES;
				CLANG_WARN_ENUM_CONVERSION = YES;
				CLANG_WARN_INFINITE_RECURSION = YES;
				CLANG_WARN_INT_CONVERSION = YES;
				CLANG_WARN_NON_LITERAL_NULL_CONVERSION = YES;
				CLANG_WARN_OBJC_IMPLICIT_RETAIN_SELF = YES;
				CLANG_WARN_OBJC_LITERAL_CONVERSION = YES;
				CLANG_WARN_OBJC_ROOT_CLASS = YES_ERROR;
				CLANG_WARN_QUOTED_INCLUDE_IN_FRAMEWORK_HEADER = YES;
				CLANG_WARN_RANGE_LOOP_ANALYSIS = YES;
				CLANG_WARN_STRICT_PROTOTYPES = YES;
				CLANG_WARN_SUSPICIOUS_MOVE = YES;
				CLANG_WARN_UNGUARDED_AVAILABILITY = YES_AGGRESSIVE;
				CLANG_WARN_UNREACHABLE_CODE = YES;
				CLANG_WARN__DUPLICATE_METHOD_MATCH = YES;
				COPY_PHASE_STRIP = NO;
				DEBUG_INFORMATION_FORMAT = "dwarf-with-dsym";
				ENABLE_NS_ASSERTIONS = NO;
				ENABLE_STRICT_OBJC_MSGSEND = YES;
				GCC_C_LANGUAGE_STANDARD = gnu11;
				GCC_NO_COMMON_BLOCKS = YES;
				GCC_WARN_64_TO_32_BIT_CONVERSION = YES;
				GCC_WARN_ABOUT_RETURN_TYPE = YES_ERROR;
				GCC_WARN_UNDECLARED_SELECTOR = YES;
				GCC_WARN_UNINITIALIZED_AUTOS = YES_AGGRESSIVE;
				GCC_WARN_UNUSED_FUNCTION = YES;
				GCC_WARN_UNUSED_VARIABLE = YES;
				IPHONEOS_DEPLOYMENT_TARGET = 16.0;
				MTL_ENABLE_DEBUG_INFO = NO;
				MTL_FAST_MATH = YES;
				SDKROOT = iphoneos;
				SWIFT_COMPILATION_MODE = wholemodule;
				SWIFT_OPTIMIZATION_LEVEL = "-O";
				VALIDATE_PRODUCT = YES;
			};
			name = Release;
		};
		5A5E8F36291EFDDE002F3395 /* Debug */ = {
			isa = XCBuildConfiguration;
			buildSettings = {
				ASSETCATALOG_COMPILER_APPICON_NAME = AppIcon;
				ASSETCATALOG_COMPILER_GLOBAL_ACCENT_COLOR_NAME = AccentColor;
				CODE_SIGN_STYLE = Automatic;
				CURRENT_PROJECT_VERSION = 1;
				DEVELOPMENT_ASSET_PATHS = "\"Hack&ChangeAdvisory/Preview Content\"";
				DEVELOPMENT_TEAM = 92PU6D6MCQ;
				ENABLE_PREVIEWS = YES;
				GENERATE_INFOPLIST_FILE = YES;
				INFOPLIST_FILE = "Hack-ChangeAdvisory-Info.plist";
				INFOPLIST_KEY_UIApplicationSceneManifest_Generation = YES;
				INFOPLIST_KEY_UIApplicationSupportsIndirectInputEvents = YES;
				INFOPLIST_KEY_UILaunchScreen_Generation = YES;
				INFOPLIST_KEY_UISupportedInterfaceOrientations_iPad = "UIInterfaceOrientationPortrait UIInterfaceOrientationPortraitUpsideDown UIInterfaceOrientationLandscapeLeft UIInterfaceOrientationLandscapeRight";
				INFOPLIST_KEY_UISupportedInterfaceOrientations_iPhone = "UIInterfaceOrientationPortrait UIInterfaceOrientationLandscapeLeft UIInterfaceOrientationLandscapeRight";
				IPHONEOS_DEPLOYMENT_TARGET = 15.0;
				LD_RUNPATH_SEARCH_PATHS = (
					"$(inherited)",
					"@executable_path/Frameworks",
				);
				MARKETING_VERSION = 1.0;
				PRODUCT_BUNDLE_IDENTIFIER = "com.BogdanZykov.Hack-ChangeAdvisory";
				PRODUCT_NAME = "$(TARGET_NAME)";
				SWIFT_EMIT_LOC_STRINGS = YES;
				SWIFT_VERSION = 5.0;
				TARGETED_DEVICE_FAMILY = "1,2";
			};
			name = Debug;
		};
		5A5E8F37291EFDDE002F3395 /* Release */ = {
			isa = XCBuildConfiguration;
			buildSettings = {
				ASSETCATALOG_COMPILER_APPICON_NAME = AppIcon;
				ASSETCATALOG_COMPILER_GLOBAL_ACCENT_COLOR_NAME = AccentColor;
				CODE_SIGN_STYLE = Automatic;
				CURRENT_PROJECT_VERSION = 1;
				DEVELOPMENT_ASSET_PATHS = "\"Hack&ChangeAdvisory/Preview Content\"";
				DEVELOPMENT_TEAM = 92PU6D6MCQ;
				ENABLE_PREVIEWS = YES;
				GENERATE_INFOPLIST_FILE = YES;
				INFOPLIST_FILE = "Hack-ChangeAdvisory-Info.plist";
				INFOPLIST_KEY_UIApplicationSceneManifest_Generation = YES;
				INFOPLIST_KEY_UIApplicationSupportsIndirectInputEvents = YES;
				INFOPLIST_KEY_UILaunchScreen_Generation = YES;
				INFOPLIST_KEY_UISupportedInterfaceOrientations_iPad = "UIInterfaceOrientationPortrait UIInterfaceOrientationPortraitUpsideDown UIInterfaceOrientationLandscapeLeft UIInterfaceOrientationLandscapeRight";
				INFOPLIST_KEY_UISupportedInterfaceOrientations_iPhone = "UIInterfaceOrientationPortrait UIInterfaceOrientationLandscapeLeft UIInterfaceOrientationLandscapeRight";
				IPHONEOS_DEPLOYMENT_TARGET = 15.0;
				LD_RUNPATH_SEARCH_PATHS = (
					"$(inherited)",
					"@executable_path/Frameworks",
				);
				MARKETING_VERSION = 1.0;
				PRODUCT_BUNDLE_IDENTIFIER = "com.BogdanZykov.Hack-ChangeAdvisory";
				PRODUCT_NAME = "$(TARGET_NAME)";
				SWIFT_EMIT_LOC_STRINGS = YES;
				SWIFT_VERSION = 5.0;
				TARGETED_DEVICE_FAMILY = "1,2";
			};
			name = Release;
		};
/* End XCBuildConfiguration section */

/* Begin XCConfigurationList section */
		5A5E8F22291EFDDD002F3395 /* Build configuration list for PBXProject "Hack&ChangeAdvisory" */ = {
			isa = XCConfigurationList;
			buildConfigurations = (
				5A5E8F33291EFDDE002F3395 /* Debug */,
				5A5E8F34291EFDDE002F3395 /* Release */,
			);
			defaultConfigurationIsVisible = 0;
			defaultConfigurationName = Release;
		};
		5A5E8F35291EFDDE002F3395 /* Build configuration list for PBXNativeTarget "Hack&ChangeAdvisory" */ = {
			isa = XCConfigurationList;
			buildConfigurations = (
				5A5E8F36291EFDDE002F3395 /* Debug */,
				5A5E8F37291EFDDE002F3395 /* Release */,
			);
			defaultConfigurationIsVisible = 0;
			defaultConfigurationName = Release;
		};
/* End XCConfigurationList section */

/* Begin XCRemoteSwiftPackageReference section */
		5A6F38CF29203D8F00569A3B /* XCRemoteSwiftPackageReference "NukeUI" */ = {
			isa = XCRemoteSwiftPackageReference;
			repositoryURL = "https://github.com/kean/NukeUI";
			requirement = {
				kind = upToNextMajorVersion;
				minimumVersion = 0.8.3;
			};
		};
		5A6F38D229203E6800569A3B /* XCRemoteSwiftPackageReference "firebase-ios-sdk" */ = {
			isa = XCRemoteSwiftPackageReference;
			repositoryURL = "https://github.com/firebase/firebase-ios-sdk";
			requirement = {
				kind = upToNextMajorVersion;
				minimumVersion = 9.0.0;
			};
		};
/* End XCRemoteSwiftPackageReference section */

/* Begin XCSwiftPackageProductDependency section */
		5A6F38D029203D8F00569A3B /* NukeUI */ = {
			isa = XCSwiftPackageProductDependency;
			package = 5A6F38CF29203D8F00569A3B /* XCRemoteSwiftPackageReference "NukeUI" */;
			productName = NukeUI;
		};
		5A6F38D329203E6800569A3B /* FirebaseFirestoreSwift */ = {
			isa = XCSwiftPackageProductDependency;
			package = 5A6F38D229203E6800569A3B /* XCRemoteSwiftPackageReference "firebase-ios-sdk" */;
			productName = FirebaseFirestoreSwift;
		};
		5A6F38D529203E6800569A3B /* FirebaseStorage */ = {
			isa = XCSwiftPackageProductDependency;
			package = 5A6F38D229203E6800569A3B /* XCRemoteSwiftPackageReference "firebase-ios-sdk" */;
			productName = FirebaseStorage;
		};
/* End XCSwiftPackageProductDependency section */
	};
	rootObject = 5A5E8F1F291EFDDD002F3395 /* Project object */;
}
